{
  "name": "concerto_practice",
  "version": "1.0.0",
  "lockfileVersion": 3,
  "requires": true,
  "packages": {
    "": {
      "version": "1.0.0",
      "license": "ISC",
      "dependencies": {
        "@accordproject/concerto-core": "^4.0.0"
      }
    },
    "node_modules/@accordproject/concerto-codegen": {
      "version": "3.32.1",
      "resolved": "https://registry.npmjs.org/@accordproject/concerto-codegen/-/concerto-codegen-3.32.1.tgz",
      "integrity": "sha512-nVFCTUk/i37dm5zdfteZtCf/okinVFEX/+V6lO3Jsc7NIWrU9CPP8KAqhG1nB+3Rsqmg3qt7BQT0xe5dMyFnHQ==",
      "license": "Apache-2.0",
      "dependencies": {
        "@accordproject/concerto-core": "3.25.0",
        "@accordproject/concerto-util": "3.25.0",
        "@accordproject/concerto-vocabulary": "3.25.0",
        "@openapi-contrib/openapi-schema-to-json-schema": "4.0.0",
        "ajv": "8.18.0",
        "ajv-formats": "3.0.1",
        "camelcase": "6.3.0",
        "debug": "4.3.4",
        "get-value": "3.0.1",
        "json-schema-migrate": "2.0.0",
        "pluralize": "8.0.0"
      },
      "engines": {
        "node": ">=18",
        "npm": ">=6"
      }
    },
    "node_modules/@accordproject/concerto-codegen/node_modules/@accordproject/concerto-core": {
      "version": "3.25.0",
      "resolved": "https://registry.npmjs.org/@accordproject/concerto-core/-/concerto-core-3.25.0.tgz",
      "integrity": "sha512-A/Zr4bFTYjWkVEVZCvQadLk08sT5oAx3ED/674lq89vC6Ml/mwopym8JKKszIF5oq8TOMzLhRrxpdLfI3rIQSg==",
      "license": "Apache-2.0",
      "dependencies": {
        "@accordproject/concerto-cto": "3.25.0",
        "@accordproject/concerto-metamodel": "3.12.6",
        "@accordproject/concerto-util": "3.25.0",
        "dayjs": "1.11.13",
        "debug": "4.3.7",
        "lorem-ipsum": "2.0.8",
        "randexp": "0.5.3",
        "rfdc": "1.4.1",
        "semver": "7.6.3",
        "urijs": "1.19.11",
        "uuid": "11.0.3",
        "yaml": "^2.8.0"
      },
      "engines": {
        "node": ">=18",
        "npm": ">=10"
      }
    },
    "node_modules/@accordproject/concerto-codegen/node_modules/@accordproject/concerto-core/node_modules/debug": {
      "version": "4.3.7",
      "resolved": "https://registry.npmjs.org/debug/-/debug-4.3.7.tgz",
      "integrity": "sha512-Er2nc/H7RrMXZBFCEim6TCmMk02Z8vLC2Rbi1KEBggpo0fS6l0S1nnapwmIi3yW/+GOJap1Krg4w0Hg80oCqgQ==",
      "license": "MIT",
      "dependencies": {
        "ms": "^2.1.3"
      },
      "engines": {
        "node": ">=6.0"
      },
      "peerDependenciesMeta": {
        "supports-color": {
          "optional": true
        }
      }
    },
    "node_modules/@accordproject/concerto-codegen/node_modules/@accordproject/concerto-cto": {
      "version": "3.25.0",
      "resolved": "https://registry.npmjs.org/@accordproject/concerto-cto/-/concerto-cto-3.25.0.tgz",
      "integrity": "sha512-WVPyHYBEg1vwVCH6lOu+7BfNSeRuuV/Tli5CLZI9NPCcI2i/QWWBm6aEs02KnNiC++YTpGK6huvL6n6rz/0Wmg==",
      "license": "Apache-2.0",
      "dependencies": {
        "@accordproject/concerto-metamodel": "3.12.6",
        "@accordproject/concerto-util": "3.25.0"
      },
      "engines": {
        "node": ">=18",
        "npm": ">=10"
      }
    },
    "node_modules/@accordproject/concerto-codegen/node_modules/@accordproject/concerto-metamodel": {
      "version": "3.12.6",
      "resolved": "https://registry.npmjs.org/@accordproject/concerto-metamodel/-/concerto-metamodel-3.12.6.tgz",
      "integrity": "sha512-GGkD5H89dUt4Z6CyP+ozFMYEYrKyCq9QHYV3DcyyJY9q3tGGr+elvGJqUoC20ljZaE6HV0GPar54GTMDEmh6pw==",
      "license": "Apache-2.0",
      "engines": {
        "node": ">=14",
        "npm": ">=6"
      }
    },
    "node_modules/@accordproject/concerto-codegen/node_modules/@accordproject/concerto-util": {
      "version": "3.25.0",
      "resolved": "https://registry.npmjs.org/@accordproject/concerto-util/-/concerto-util-3.25.0.tgz",
      "integrity": "sha512-TNUcM+Tb+J26K6FZDC44WOUt1S7e17fn6oVe4UaYpaZPY4kg64YbHg1sUkIioiDFtamOMoJDyBeKoPLMi1BDOQ==",
      "license": "Apache-2.0",
      "dependencies": {
        "@supercharge/promise-pool": "1.7.0",
        "debug": "4.3.7",
        "slash": "3.0.0"
      },
      "engines": {
        "node": ">=18",
        "npm": ">=10"
      }
    },
    "node_modules/@accordproject/concerto-codegen/node_modules/@accordproject/concerto-util/node_modules/debug": {
      "version": "4.3.7",
      "resolved": "https://registry.npmjs.org/debug/-/debug-4.3.7.tgz",
      "integrity": "sha512-Er2nc/H7RrMXZBFCEim6TCmMk02Z8vLC2Rbi1KEBggpo0fS6l0S1nnapwmIi3yW/+GOJap1Krg4w0Hg80oCqgQ==",
      "license": "MIT",
      "dependencies": {
        "ms": "^2.1.3"
      },
      "engines": {
        "node": ">=6.0"
      },
      "peerDependenciesMeta": {
        "supports-color": {
          "optional": true
        }
      }
    },
    "node_modules/@accordproject/concerto-codegen/node_modules/debug": {
      "version": "4.3.4",
      "resolved": "https://registry.npmjs.org/debug/-/debug-4.3.4.tgz",
      "integrity": "sha512-PRWFHuSU3eDtQJPvnNY7Jcket1j0t5OuOsFzPPzsekD52Zl8qUfFIPEiswXqIvHWGVHOgX+7G/vCNNhehwxfkQ==",
      "license": "MIT",
      "dependencies": {
        "ms": "2.1.2"
      },
      "engines": {
        "node": ">=6.0"
      },
      "peerDependenciesMeta": {
        "supports-color": {
          "optional": true
        }
      }
    },
    "node_modules/@accordproject/concerto-codegen/node_modules/debug/node_modules/ms": {
      "version": "2.1.2",
      "resolved": "https://registry.npmjs.org/ms/-/ms-2.1.2.tgz",
      "integrity": "sha512-sGkPx+VjMtmA6MX27oA4FBFELFCZZ4S4XqeGOXCv68tT+jb3vk/RyaKWP0PTKyWtmLSM0b+adUTEvbs1PEaH2w==",
      "license": "MIT"
    },
    "node_modules/@accordproject/concerto-core": {
      "version": "4.0.0",
      "resolved": "https://registry.npmjs.org/@accordproject/concerto-core/-/concerto-core-4.0.0.tgz",
      "integrity": "sha512-6EURXiUwyvD8cxjUBmFSMrf5AM+4sSIfXbQovEbQ+rnKVZwRzhUNSk+twXqr/txnxLhIzLY7GZjR5lQ8+7bW+A==",
      "license": "Apache-2.0",
      "dependencies": {
        "@accordproject/concerto-codegen": "^3.16.2",
        "@accordproject/concerto-cto": "4.0.0",
        "@accordproject/concerto-metamodel": "^4.0.0-alpha.0",
        "@accordproject/concerto-util": "4.0.0",
        "debug": "4.3.7",
        "lorem-ipsum": "2.0.8",
        "randexp": "0.5.3",
        "rfdc": "1.4.1",
        "semver": "7.6.3",
        "urijs": "1.19.11",
        "uuid": "11.0.3",
        "yaml": "^2.8.1"
      },
      "engines": {
        "node": ">=18",
        "npm": ">=9"
      }
    },
    "node_modules/@accordproject/concerto-cto": {
      "version": "4.0.0",
      "resolved": "https://registry.npmjs.org/@accordproject/concerto-cto/-/concerto-cto-4.0.0.tgz",
      "integrity": "sha512-js8IXAkW+dZQP7inGzRxxJ1UFx3tvyr1dxAE9sXTmaCiRNm1+JeFEjcl+2CcxXqf/FamR6NaNi6H82DxceFTAQ==",
      "license": "Apache-2.0",
      "dependencies": {
        "@accordproject/concerto-codegen": "^3.16.2",
        "@accordproject/concerto-metamodel": "^4.0.0-alpha.0",
        "@accordproject/concerto-util": "4.0.0",
        "acorn": "^8.15.0",
        "schema-utils": "^4.3.3"
      },
      "engines": {
        "node": ">=18",
        "npm": ">=9"
      }
    },
    "node_modules/@accordproject/concerto-metamodel": {
      "version": "4.0.0-alpha.0",
      "resolved": "https://registry.npmjs.org/@accordproject/concerto-metamodel/-/concerto-metamodel-4.0.0-alpha.0.tgz",
      "integrity": "sha512-JYSBk4NA6P41MjJCVe4WrA1QW1iTJ2Bfkd1f8EcfnhfuCtH+rmQItoTV8X1pb/+ql+3gVMfitaE1klKiUMMJGw==",
      "license": "Apache-2.0",
      "dependencies": {
        "@accordproject/concerto-core": "3.24.0",
        "@accordproject/concerto-util": "3.24.0"
      },
      "engines": {
        "node": ">=14",
        "npm": ">=6"
      }
    },
    "node_modules/@accordproject/concerto-metamodel/node_modules/@accordproject/concerto-core": {
      "version": "3.24.0",
      "resolved": "https://registry.npmjs.org/@accordproject/concerto-core/-/concerto-core-3.24.0.tgz",
      "integrity": "sha512-JrrBw3JMwtogiYPjBaRV6CZCKi2hXIdOVzyFslshfBMe3dkm94iloW8ASr3tsnWMfjuDUinsTksX/wfHJ9DXgA==",
      "license": "Apache-2.0",
      "dependencies": {
        "@accordproject/concerto-cto": "3.24.0",
        "@accordproject/concerto-metamodel": "^3.12.4",
        "@accordproject/concerto-util": "3.24.0",
        "dayjs": "1.11.13",
        "debug": "4.3.7",
        "lorem-ipsum": "2.0.8",
        "randexp": "0.5.3",
        "rfdc": "1.4.1",
        "semver": "7.6.3",
        "urijs": "1.19.11",
        "uuid": "11.0.3",
        "yaml": "^2.8.0"
      },
      "engines": {
        "node": ">=18",
        "npm": ">=10"
      }
    },
    "node_modules/@accordproject/concerto-metamodel/node_modules/@accordproject/concerto-cto": {
      "version": "3.24.0",
      "resolved": "https://registry.npmjs.org/@accordproject/concerto-cto/-/concerto-cto-3.24.0.tgz",
      "integrity": "sha512-DCTdUE3qExe3CCkg3PO1yBhj0/CGqY5al+kLkQuZ3p/MfFRZWkWMNdox6g7S9VtednRb5NPhkrLwlNRpJbkcmA==",
      "license": "Apache-2.0",
      "dependencies": {
        "@accordproject/concerto-metamodel": "3.12.4",
        "@accordproject/concerto-util": "3.24.0"
      },
      "engines": {
        "node": ">=18",
        "npm": ">=10"
      }
    },
    "node_modules/@accordproject/concerto-metamodel/node_modules/@accordproject/concerto-cto/node_modules/@accordproject/concerto-metamodel": {
      "version": "3.12.4",
      "resolved": "https://registry.npmjs.org/@accordproject/concerto-metamodel/-/concerto-metamodel-3.12.4.tgz",
      "integrity": "sha512-7EmrdRc+ocX1Km5TMfNWfNzAvE901BV6NYmCEPf+H8MjHgnJWz6LFbQ3D5ppF3ar8325FM40mMKiDUuSTFXvTQ==",
      "license": "Apache-2.0",
      "engines": {
        "node": ">=14",
        "npm": ">=6"
      }
    },
    "node_modules/@accordproject/concerto-metamodel/node_modules/@accordproject/concerto-metamodel": {
      "version": "3.12.9",
      "resolved": "https://registry.npmjs.org/@accordproject/concerto-metamodel/-/concerto-metamodel-3.12.9.tgz",
      "integrity": "sha512-VKkJIcl2d7Fvkp6F9XDMy3oKvLxFJMYpTOKYaYXl+C7DSjnBl+T74DC0Vr9EOzCs/UQ2JNRqJJ20b9pN48patg==",
      "license": "Apache-2.0",
      "engines": {
        "node": ">=14",
        "npm": ">=6"
      }
    },
    "node_modules/@accordproject/concerto-metamodel/node_modules/@accordproject/concerto-util": {
      "version": "3.24.0",
      "resolved": "https://registry.npmjs.org/@accordproject/concerto-util/-/concerto-util-3.24.0.tgz",
      "integrity": "sha512-zY33oFYTpgKqEfunx5WhcaqbXzYmJrywD4+XicyMiS3hCgi1+92hUd303lC9qywvCUybkiGXrizrldOtcqnXWw==",
      "license": "Apache-2.0",
      "dependencies": {
        "@supercharge/promise-pool": "1.7.0",
        "debug": "4.3.7",
        "slash": "3.0.0"
      },
      "engines": {
        "node": ">=18",
        "npm": ">=10"
      }
    },
    "node_modules/@accordproject/concerto-util": {
      "version": "4.0.0",
      "resolved": "https://registry.npmjs.org/@accordproject/concerto-util/-/concerto-util-4.0.0.tgz",
      "integrity": "sha512-Tyim8Vr/0nhX4NWJBA836VC0P6lXn4BCpC1KETOd5eft7+T+Co51qQeyjofvMsf5NtpAubqB2/HTftJ9uDJ6qw==",
      "license": "Apache-2.0",
      "dependencies": {
        "@accordproject/concerto-codegen": "^3.16.2",
        "@supercharge/promise-pool": "1.7.0",
        "colors": "1.4.0",
        "debug": "4.3.4",
        "slash": "3.0.0"
      },
      "engines": {
        "node": ">=18",
        "npm": ">=9"
      }
    },
    "node_modules/@accordproject/concerto-util/node_modules/debug": {
      "version": "4.3.4",
      "resolved": "https://registry.npmjs.org/debug/-/debug-4.3.4.tgz",
      "integrity": "sha512-PRWFHuSU3eDtQJPvnNY7Jcket1j0t5OuOsFzPPzsekD52Zl8qUfFIPEiswXqIvHWGVHOgX+7G/vCNNhehwxfkQ==",
      "license": "MIT",
      "dependencies": {
        "ms": "2.1.2"
      },
      "engines": {
        "node": ">=6.0"
      },
      "peerDependenciesMeta": {
        "supports-color": {
          "optional": true
        }
      }
    },
    "node_modules/@accordproject/concerto-util/node_modules/ms": {
      "version": "2.1.2",
      "resolved": "https://registry.npmjs.org/ms/-/ms-2.1.2.tgz",
      "integrity": "sha512-sGkPx+VjMtmA6MX27oA4FBFELFCZZ4S4XqeGOXCv68tT+jb3vk/RyaKWP0PTKyWtmLSM0b+adUTEvbs1PEaH2w==",
      "license": "MIT"
    },
    "node_modules/@accordproject/concerto-vocabulary": {
      "version": "3.25.0",
      "resolved": "https://registry.npmjs.org/@accordproject/concerto-vocabulary/-/concerto-vocabulary-3.25.0.tgz",
      "integrity": "sha512-WrnSMSQAFuJhFpH6h+4oN1UOcBbZEl8zXpugkHUYG5EMeQWu41g1M3OAqYzr8oVQV7bUEH05EDcgBClzAUJuPQ==",
      "license": "Apache-2.0",
      "dependencies": {
        "@accordproject/concerto-metamodel": "3.12.6",
        "yaml": "2.6.1"
      },
      "engines": {
        "node": ">=18",
        "npm": ">=10"
      }
    },
    "node_modules/@accordproject/concerto-vocabulary/node_modules/@accordproject/concerto-metamodel": {
      "version": "3.12.6",
      "resolved": "https://registry.npmjs.org/@accordproject/concerto-metamodel/-/concerto-metamodel-3.12.6.tgz",
      "integrity": "sha512-GGkD5H89dUt4Z6CyP+ozFMYEYrKyCq9QHYV3DcyyJY9q3tGGr+elvGJqUoC20ljZaE6HV0GPar54GTMDEmh6pw==",
      "license": "Apache-2.0",
      "engines": {
        "node": ">=14",
        "npm": ">=6"
      }
    },
    "node_modules/@accordproject/concerto-vocabulary/node_modules/yaml": {
      "version": "2.6.1",
      "resolved": "https://registry.npmjs.org/yaml/-/yaml-2.6.1.tgz",
      "integrity": "sha512-7r0XPzioN/Q9kXBro/XPnA6kznR73DHq+GXh5ON7ZozRO6aMjbmiBuKste2wslTFkC5d1dw0GooOCepZXJ2SAg==",
      "license": "ISC",
      "bin": {
        "yaml": "bin.mjs"
      },
      "engines": {
        "node": ">= 14"
      }
    },
    "node_modules/@openapi-contrib/openapi-schema-to-json-schema": {
      "version": "4.0.0",
      "resolved": "https://registry.npmjs.org/@openapi-contrib/openapi-schema-to-json-schema/-/openapi-schema-to-json-schema-4.0.0.tgz",
      "integrity": "sha512-HRLG6NCHbdjCv3hacJKhZe5Al3QCig90SCvcXAS+JLb85ypuwFqcVSDnGzBqaithlUibq9UyPwQH0ATitvBBTw==",
      "license": "MIT",
      "dependencies": {
        "fast-deep-equal": "^3.1.3"
      }
    },
    "node_modules/@supercharge/promise-pool": {
      "version": "1.7.0",
      "resolved": "https://registry.npmjs.org/@supercharge/promise-pool/-/promise-pool-1.7.0.tgz",
      "integrity": "sha512-OpnF7oqk6asrOUMhldnDju4RKeZ/iMAfw3LIoLdcTI53RZJLiQ9vEAcGW+bcBELXkiPhT7RqtuPSXAFF2iAmbg==",
      "license": "MIT",
      "engines": {
        "node": ">=8"
      }
    },
    "node_modules/@types/json-schema": {
      "version": "7.0.15",
      "resolved": "https://registry.npmjs.org/@types/json-schema/-/json-schema-7.0.15.tgz",
      "integrity": "sha512-5+fP8P8MFNC+AyZCDxrB2pkZFPGzqQWUzpSeuuVLvm8VMcorNYavBqoFcxK8bQz4Qsbn4oUEEem4wDLfcysGHA==",
      "license": "MIT"
    },
    "node_modules/acorn": {
      "version": "8.16.0",
      "resolved": "https://registry.npmjs.org/acorn/-/acorn-8.16.0.tgz",
      "integrity": "sha512-UVJyE9MttOsBQIDKw1skb9nAwQuR5wuGD3+82K6JgJlm/Y+KI92oNsMNGZCYdDsVtRHSak0pcV5Dno5+4jh9sw==",
      "license": "MIT",
      "bin": {
        "acorn": "bin/acorn"
      },
      "engines": {
        "node": ">=0.4.0"
      }
    },
    "node_modules/ajv": {
      "version": "8.18.0",
      "resolved": "https://registry.npmjs.org/ajv/-/ajv-8.18.0.tgz",
      "integrity": "sha512-PlXPeEWMXMZ7sPYOHqmDyCJzcfNrUr3fGNKtezX14ykXOEIvyK81d+qydx89KY5O71FKMPaQ2vBfBFI5NHR63A==",
      "license": "MIT",
      "dependencies": {
        "fast-deep-equal": "^3.1.3",
        "fast-uri": "^3.0.1",
        "json-schema-traverse": "^1.0.0",
        "require-from-string": "^2.0.2"
      },
      "funding": {
        "type": "github",
        "url": "https://github.com/sponsors/epoberezkin"
      }
    },
    "node_modules/ajv-formats": {
      "version": "3.0.1",
      "resolved": "https://registry.npmjs.org/ajv-formats/-/ajv-formats-3.0.1.tgz",
      "integrity": "sha512-8iUql50EUR+uUcdRQ3HDqa6EVyo3docL8g5WJ3FNcWmu62IbkGUue/pEyLBW8VGKKucTPgqeks4fIU1DA4yowQ==",
      "license": "MIT",
      "dependencies": {
        "ajv": "^8.0.0"
      },
      "peerDependencies": {
        "ajv": "^8.0.0"
      },
      "peerDependenciesMeta": {
        "ajv": {
          "optional": true
        }
      }
    },
    "node_modules/ajv-keywords": {
      "version": "5.1.0",
      "resolved": "https://registry.npmjs.org/ajv-keywords/-/ajv-keywords-5.1.0.tgz",
      "integrity": "sha512-YCS/JNFAUyr5vAuhk1DWm1CBxRHW9LbJ2ozWeemrIqpbsqKjHVxYPyi5GC0rjZIT5JxJ3virVTS8wk4i/Z+krw==",
      "license": "MIT",
      "dependencies": {
        "fast-deep-equal": "^3.1.3"
      },
      "peerDependencies": {
        "ajv": "^8.8.2"
      }
    },
    "node_modules/camelcase": {
      "version": "6.3.0",
      "resolved": "https://registry.npmjs.org/camelcase/-/camelcase-6.3.0.tgz",
      "integrity": "sha512-Gmy6FhYlCY7uOElZUSbxo2UCDH8owEk996gkbrpsgGtrJLM3J7jGxl9Ic7Qwwj4ivOE5AWZWRMecDdF7hqGjFA==",
      "license": "MIT",
      "engines": {
        "node": ">=10"
      },
      "funding": {
        "url": "https://github.com/sponsors/sindresorhus"
      }
    },
    "node_modules/colors": {
      "version": "1.4.0",
      "resolved": "https://registry.npmjs.org/colors/-/colors-1.4.0.tgz",
      "integrity": "sha512-a+UqTh4kgZg/SlGvfbzDHpgRu7AAQOmmqRHJnxhRZICKFUT91brVhNNt58CMWU9PsBbv3PDCZUHbVxuDiH2mtA==",
      "license": "MIT",
      "engines": {
        "node": ">=0.1.90"
      }
    },
    "node_modules/commander": {
      "version": "9.5.0",
      "resolved": "https://registry.npmjs.org/commander/-/commander-9.5.0.tgz",
      "integrity": "sha512-KRs7WVDKg86PWiuAqhDrAQnTXZKraVcCc6vFdL14qrZ/DcWwuRo7VoiYXalXO7S5GKpqYiVEwCbgFDfxNHKJBQ==",
      "license": "MIT",
      "engines": {
        "node": "^12.20.0 || >=14"
      }
    },
    "node_modules/dayjs": {
      "version": "1.11.13",
      "resolved": "https://registry.npmjs.org/dayjs/-/dayjs-1.11.13.tgz",
      "integrity": "sha512-oaMBel6gjolK862uaPQOVTA7q3TZhuSvuMQAAglQDOWYO9A91IrAOUJEyKVlqJlHE0vq5p5UXxzdPfMH/x6xNg==",
      "license": "MIT"
    },
    "node_modules/debug": {
      "version": "4.3.7",
      "resolved": "https://registry.npmjs.org/debug/-/debug-4.3.7.tgz",
      "integrity": "sha512-Er2nc/H7RrMXZBFCEim6TCmMk02Z8vLC2Rbi1KEBggpo0fS6l0S1nnapwmIi3yW/+GOJap1Krg4w0Hg80oCqgQ==",
      "license": "MIT",
      "dependencies": {
        "ms": "^2.1.3"
      },
      "engines": {
        "node": ">=6.0"
      },
      "peerDependenciesMeta": {
        "supports-color": {
          "optional": true
        }
      }
    },
    "node_modules/drange": {
      "version": "1.1.1",
      "resolved": "https://registry.npmjs.org/drange/-/drange-1.1.1.tgz",
      "integrity": "sha512-pYxfDYpued//QpnLIm4Avk7rsNtAtQkUES2cwAYSvD/wd2pKD71gN2Ebj3e7klzXwjocvE8c5vx/1fxwpqmSxA==",
      "engines": {
        "node": ">=4"
      }
    },
    "node_modules/fast-deep-equal": {
      "version": "3.1.3",
      "resolved": "https://registry.npmjs.org/fast-deep-equal/-/fast-deep-equal-3.1.3.tgz",
      "integrity": "sha512-f3qQ9oQy9j2AhBe/H9VC91wLmKBCCU/gDOnKNAYG5hswO7BLKj09Hc5HYNz9cGI++xlpDCIgDaitVs03ATR84Q==",
      "license": "MIT"
    },
    "node_modules/fast-uri": {
      "version": "3.1.0",
      "resolved": "https://registry.npmjs.org/fast-uri/-/fast-uri-3.1.0.tgz",
      "integrity": "sha512-iPeeDKJSWf4IEOasVVrknXpaBV0IApz/gp7S2bb7Z4Lljbl2MGJRqInZiUrQwV16cpzw/D3S5j5Julj/gT52AA==",
      "funding": [
        {
          "type": "github",
          "url": "https://github.com/sponsors/fastify"
        },
        {
          "type": "opencollective",
          "url": "https://opencollective.com/fastify"
        }
      ],
      "license": "BSD-3-Clause"
    },
    "node_modules/get-value": {
      "version": "3.0.1",
      "resolved": "https://registry.npmjs.org/get-value/-/get-value-3.0.1.tgz",
      "integrity": "sha512-mKZj9JLQrwMBtj5wxi6MH8Z5eSKaERpAwjg43dPtlGI1ZVEgH/qC7T8/6R2OBSUA+zzHBZgICsVJaEIV2tKTDA==",
      "license": "MIT",
      "dependencies": {
        "isobject": "^3.0.1"
      },
      "engines": {
        "node": ">=6.0"
      }
    },
    "node_modules/isobject": {
      "version": "3.0.1",
      "resolved": "https://registry.npmjs.org/isobject/-/isobject-3.0.1.tgz",
      "integrity": "sha512-WhB9zCku7EGTj/HQQRz5aUQEUeoQZH2bWcltRErOpymJ4boYE6wL9Tbr23krRPSZ+C5zqNSrSw+Cc7sZZ4b7vg==",
      "license": "MIT",
      "engines": {
        "node": ">=0.10.0"
      }
    },
    "node_modules/json-schema-migrate": {
      "version": "2.0.0",
      "resolved": "https://registry.npmjs.org/json-schema-migrate/-/json-schema-migrate-2.0.0.tgz",
      "integrity": "sha512-r38SVTtojDRp4eD6WsCqiE0eNDt4v1WalBXb9cyZYw9ai5cGtBwzRNWjHzJl38w6TxFkXAIA7h+fyX3tnrAFhQ==",
      "license": "MIT",
      "dependencies": {
        "ajv": "^8.0.0"
      }
    },
    "node_modules/json-schema-traverse": {
      "version": "1.0.0",
      "resolved": "https://registry.npmjs.org/json-schema-traverse/-/json-schema-traverse-1.0.0.tgz",
      "integrity": "sha512-NM8/P9n3XjXhIZn1lLhkFaACTOURQXjWhV4BA/RnOv8xvgqtqpAX9IO4mRQxSx1Rlo4tqzeqb0sOlruaOy3dug==",
      "license": "MIT"
    },
    "node_modules/lorem-ipsum": {
      "version": "2.0.8",
      "resolved": "https://registry.npmjs.org/lorem-ipsum/-/lorem-ipsum-2.0.8.tgz",
      "integrity": "sha512-5RIwHuCb979RASgCJH0VKERn9cQo/+NcAi2BMe9ddj+gp7hujl6BI+qdOG4nVsLDpwWEJwTVYXNKP6BGgbcoGA==",
      "license": "ISC",
      "dependencies": {
        "commander": "^9.3.0"
      },
      "bin": {
        "lorem-ipsum": "dist/bin/lorem-ipsum.bin.js"
      },
      "engines": {
        "node": ">= 8.x",
        "npm": ">= 5.x"
      }
    },
    "node_modules/ms": {
      "version": "2.1.3",
      "resolved": "https://registry.npmjs.org/ms/-/ms-2.1.3.tgz",
      "integrity": "sha512-6FlzubTLZG3J2a/NVCAleEhjzq5oxgHyaCU9yYXvcLsvoVaHJq/s5xXI6/XXP6tz7R9xAOtHnSO/tXtF3WRTlA==",
      "license": "MIT"
    },
    "node_modules/pluralize": {
      "version": "8.0.0",
      "resolved": "https://registry.npmjs.org/pluralize/-/pluralize-8.0.0.tgz",
      "integrity": "sha512-Nc3IT5yHzflTfbjgqWcCPpo7DaKy4FnpB0l/zCAW0Tc7jxAiuqSxHasntB3D7887LSrA93kDJ9IXovxJYxyLCA==",
      "license": "MIT",
      "engines": {
        "node": ">=4"
      }
    },
    "node_modules/randexp": {
      "version": "0.5.3",
      "resolved": "https://registry.npmjs.org/randexp/-/randexp-0.5.3.tgz",
      "integrity": "sha512-U+5l2KrcMNOUPYvazA3h5ekF80FHTUG+87SEAmHZmolh1M+i/WyTCxVzmi+tidIa1tM4BSe8g2Y/D3loWDjj+w==",
      "dependencies": {
        "drange": "^1.0.2",
        "ret": "^0.2.0"
      },
      "engines": {
        "node": ">=4"
      }
    },
    "node_modules/require-from-string": {
      "version": "2.0.2",
      "resolved": "https://registry.npmjs.org/require-from-string/-/require-from-string-2.0.2.tgz",
      "integrity": "sha512-Xf0nWe6RseziFMu+Ap9biiUbmplq6S9/p+7w7YXP/JBHhrUDDUhwa+vANyubuqfZWTveU//DYVGsDG7RKL/vEw==",
      "license": "MIT",
      "engines": {
        "node": ">=0.10.0"
      }
    },
    "node_modules/ret": {
      "version": "0.2.2",
      "resolved": "https://registry.npmjs.org/ret/-/ret-0.2.2.tgz",
      "integrity": "sha512-M0b3YWQs7R3Z917WRQy1HHA7Ba7D8hvZg6UE5mLykJxQVE2ju0IXbGlaHPPlkY+WN7wFP+wUMXmBFA0aV6vYGQ==",
      "engines": {
        "node": ">=4"
      }
    },
    "node_modules/rfdc": {
      "version": "1.4.1",
      "resolved": "https://registry.npmjs.org/rfdc/-/rfdc-1.4.1.tgz",
      "integrity": "sha512-q1b3N5QkRUWUl7iyylaaj3kOpIT0N2i9MqIEQXP73GVsN9cw3fdx8X63cEmWhJGi2PPCF23Ijp7ktmd39rawIA==",
      "license": "MIT"
    },
    "node_modules/schema-utils": {
      "version": "4.3.3",
      "resolved": "https://registry.npmjs.org/schema-utils/-/schema-utils-4.3.3.tgz",
      "integrity": "sha512-eflK8wEtyOE6+hsaRVPxvUKYCpRgzLqDTb8krvAsRIwOGlHoSgYLgBXoubGgLd2fT41/OUYdb48v4k4WWHQurA==",
      "license": "MIT",
      "dependencies": {
        "@types/json-schema": "^7.0.9",
        "ajv": "^8.9.0",
        "ajv-formats": "^2.1.1",
        "ajv-keywords": "^5.1.0"
      },
      "engines": {
        "node": ">= 10.13.0"
      },
      "funding": {
        "type": "opencollective",
        "url": "https://opencollective.com/webpack"
      }
    },
    "node_modules/schema-utils/node_modules/ajv-formats": {
      "version": "2.1.1",
      "resolved": "https://registry.npmjs.org/ajv-formats/-/ajv-formats-2.1.1.tgz",
      "integrity": "sha512-Wx0Kx52hxE7C18hkMEggYlEifqWZtYaRgouJor+WMdPnQyEK13vgEWyVNup7SoeeoLMsr4kf5h6dOW11I15MUA==",
      "license": "MIT",
      "dependencies": {
        "ajv": "^8.0.0"
      },
      "peerDependencies": {
        "ajv": "^8.0.0"
      },
      "peerDependenciesMeta": {
        "ajv": {
          "optional": true
        }
      }
    },
    "node_modules/semver": {
      "version": "7.6.3",
      "resolved": "https://registry.npmjs.org/semver/-/semver-7.6.3.tgz",
      "integrity": "sha512-oVekP1cKtI+CTDvHWYFUcMtsK/00wmAEfyqKfNdARm8u1wNVhSgaX7A8d4UuIlUI5e84iEwOhs7ZPYRmzU9U6A==",
      "license": "ISC",
      "bin": {
        "semver": "bin/semver.js"
      },
      "engines": {
        "node": ">=10"
      }
    },
    "node_modules/slash": {
      "version": "3.0.0",
      "resolved": "https://registry.npmjs.org/slash/-/slash-3.0.0.tgz",
      "integrity": "sha512-g9Q1haeby36OSStwb4ntCGGGaKsaVSjQ68fBxoQcutl5fS1vuY18H3wSt3jFyFtrkx+Kz0V1G85A4MyAdDMi2Q==",
      "license": "MIT",
      "engines": {
        "node": ">=8"
      }
    },
    "node_modules/urijs": {
      "version": "1.19.11",
      "resolved": "https://registry.npmjs.org/urijs/-/urijs-1.19.11.tgz",
      "integrity": "sha512-HXgFDgDommxn5/bIv0cnQZsPhHDA90NPHD6+c/v21U5+Sx5hoP8+dP9IZXBU1gIfvdRfhG8cel9QNPeionfcCQ==",
      "license": "MIT"
    },
    "node_modules/uuid": {
      "version": "11.0.3",
      "resolved": "https://registry.npmjs.org/uuid/-/uuid-11.0.3.tgz",
      "integrity": "sha512-d0z310fCWv5dJwnX1Y/MncBAqGMKEzlBb1AOf7z9K8ALnd0utBX/msg/fA0+sbyN1ihbMsLhrBlnl1ak7Wa0rg==",
      "funding": [
        "https://github.com/sponsors/broofa",
        "https://github.com/sponsors/ctavan"
      ],
      "license": "MIT",
      "bin": {
        "uuid": "dist/esm/bin/uuid"
      }
    },
    "node_modules/yaml": {
      "version": "2.8.3",
      "resolved": "https://registry.npmjs.org/yaml/-/yaml-2.8.3.tgz",
      "integrity": "sha512-AvbaCLOO2Otw/lW5bmh9d/WEdcDFdQp2Z2ZUH3pX9U2ihyUY0nvLv7J6TrWowklRGPYbB/IuIMfYgxaCPg5Bpg==",
      "license": "ISC",
      "bin": {
        "yaml": "bin.mjs"
      },
      "engines": {
        "node": ">= 14.6"
      },
      "funding": {
        "url": "https://github.com/sponsors/eemeli"
      }
    }
  }
}
